
Microsoft Visual Studio Solution File, Format Version 12.00
# Visual Studio Version 16
VisualStudioVersion = 16.0.29911.84
MinimumVisualStudioVersion = 10.0.40219.1
Project("{9A19103F-16F7-4668-BE54-9A1E7A4F7556}") = "WpfAppPage", "WpfAppPage.csproj", "{928457C7-9914-4D6A-AF12-899CEB5165EA}"
EndProject
Project("{9A19103F-16F7-4668-BE54-9A1E7A4F7556}") = "Methods", "lib\SimplexMethod\Methods.csproj", "{2A51FAF1-2604-4A5F-9B43-9B9A54684512}"
EndProject
Project("{9A19103F-16F7-4668-BE54-9A1E7A4F7556}") = "NUnitTest", "test\NUnitTest\NUnitTest.csproj", "{05E299E5-FBAE-45A3-9E22-DC89223DD03E}"
EndProject
Global
	GlobalSection(SolutionConfigurationPlatforms) = preSolution
		Debug|Any CPU = Debug|Any CPU
		Release|Any CPU = Release|Any CPU
	EndGlobalSection
	GlobalSection(ProjectConfigurationPlatforms) = postSolution
		{928457C7-9914-4D6A-AF12-899CEB5165EA}.Debug|Any CPU.ActiveCfg = Debug|Any CPU
		{928457C7-9914-4D6A-AF12-899CEB5165EA}.Debug|Any CPU.Build.0 = Debug|Any CPU
		{928457C7-9914-4D6A-AF12-899CEB5165EA}.Release|Any CPU.ActiveCfg = Release|Any CPU
		{928457C7-9914-4D6A-AF12-899CEB5165EA}.Release|Any CPU.Build.0 = Release|Any CPU
		{2A51FAF1-2604-4A5F-9B43-9B9A54684512}.Debug|Any CPU.ActiveCfg = Debug|Any CPU
		{2A51FAF1-2604-4A5F-9B43-9B9A54684512}.Debug|Any CPU.Build.0 = Debug|Any CPU
		{2A51FAF1-2604-4A5F-9B43-9B9A54684512}.Release|Any CPU.ActiveCfg = Release|Any CPU
		{2A51FAF1-2604-4A5F-9B43-9B9A54684512}.Release|Any CPU.Build.0 = Release|Any CPU
		{05E299E5-FBAE-45A3-9E22-DC89223DD03E}.Debug|Any CPU.ActiveCfg = Debug|Any CPU
		{05E299E5-FBAE-45A3-9E22-DC89223DD03E}.Debug|Any CPU.Build.0 = Debug|Any CPU
		{05E299E5-FBAE-45A3-9E22-DC89223DD03E}.Release|Any CPU.ActiveCfg = Release|Any CPU
		{05E299E5-FBAE-45A3-9E22-DC89223DD03E}.Release|Any CPU.Build.0 = Release|Any CPU
	EndGlobalSection
	GlobalSection(SolutionProperties) = preSolution
		HideSolutionNode = FALSE
	EndGlobalSection
	GlobalSection(ExtensibilityGlobals) = postSolution
		SolutionGuid = {F81074EF-0E8F-435D-94FB-AD7F579DDCD8}
	EndGlobalSection
EndGlobal
